
Microsoft Visual Studio Solution File, Format Version 12.00
# Visual Studio Version 17
VisualStudioVersion = 17.8.34511.84
MinimumVisualStudioVersion = 10.0.40219.1
Project("{8BC9CEB8-8B4A-11D0-8D11-00A0C91BC942}") = "Program", "Program.vcxproj", "{CAB20C73-6D67-4C47-A3D8-F0D2DD79E8A2}"
EndProject
Project("{8BC9CEB8-8B4A-11D0-8D11-00A0C91BC942}") = "class1th(stream)", "..\class1th\class1th.vcxproj", "{72BB4C7E-0524-4074-97BF-5D3176A69291}"
EndProject
Project("{8BC9CEB8-8B4A-11D0-8D11-00A0C91BC942}") = "class2th(namespace)", "..\class2th(namespace)\class2th(namespace).vcxproj", "{82116F6B-2775-4B44-8982-3199756B154E}"
EndProject
Project("{8BC9CEB8-8B4A-11D0-8D11-00A0C91BC942}") = "class3th(class)", "..\class3th\class3th.vcxproj", "{1373FA8F-A445-4B3F-9F05-3567747B4375}"
EndProject
Project("{8BC9CEB8-8B4A-11D0-8D11-00A0C91BC942}") = "class4th(copyconstructor)", "..\class4th\class4th.vcxproj", "{50D63A2A-5AD0-48A5-929D-CCD7D62FC44E}"
EndProject
Project("{8BC9CEB8-8B4A-11D0-8D11-00A0C91BC942}") = "class5th(Default parameter)", "..\Default parameter\Default parameter.vcxproj", "{EE890C3E-CEC8-40D2-B387-FF2579F8F6DD}"
EndProject
Project("{8BC9CEB8-8B4A-11D0-8D11-00A0C91BC942}") = "class6th(Encapsulation)", "..\class6th(Encapsulation)\class6th(Encapsulation).vcxproj", "{FF8A0815-8546-4AF4-9912-DB3FEF5D301B}"
EndProject
Project("{8BC9CEB8-8B4A-11D0-8D11-00A0C91BC942}") = "class7th(inheritance)", "..\class7th(inheritance)\class7th(inheritance).vcxproj", "{A5D8AA5E-EB02-4A2D-83D0-6AD0E5B7B8EE}"
EndProject
Project("{8BC9CEB8-8B4A-11D0-8D11-00A0C91BC942}") = "class8th(polymorphism)", "..\class8th(polymorphism)\class8th(polymorphism).vcxproj", "{8F7132DA-54C0-4B64-9EB0-5B6095E14EDB}"
EndProject
Project("{8BC9CEB8-8B4A-11D0-8D11-00A0C91BC942}") = "Class9th(VirtualFunction)", "..\Class9th\Class9th.vcxproj", "{29D3A184-CDC3-4937-9C6E-6362599F3558}"
EndProject
Project("{8BC9CEB8-8B4A-11D0-8D11-00A0C91BC942}") = "class10th(upcasting)", "..\class10th(upcasting)\class10th(upcasting).vcxproj", "{9DDBFF41-5BE1-440D-B929-F703DF44EDAA}"
EndProject
Project("{8BC9CEB8-8B4A-11D0-8D11-00A0C91BC942}") = "class11th(PureVirtualFuncition)", "..\class11th(PureVirtualFuncition)\class11th(PureVirtualFuncition).vcxproj", "{81D89992-796A-46E4-94F7-1DD96181BE55}"
EndProject
Project("{8BC9CEB8-8B4A-11D0-8D11-00A0C91BC942}") = "class12th(smartpointer)", "..\class12th(smartpointer)\class12th(smartpointer).vcxproj", "{A26E71FD-3AB6-49FC-9F42-5E5639054449}"
EndProject
Project("{8BC9CEB8-8B4A-11D0-8D11-00A0C91BC942}") = "class13th(Template)", "..\class13th(Template)\class13th(Template).vcxproj", "{BFB2C1F9-4805-4752-AC08-DB9FDDBEAB7F}"
EndProject
Project("{8BC9CEB8-8B4A-11D0-8D11-00A0C91BC942}") = "class14th(virtualinheritance)", "..\class14th(virtualinheritance)\class14th(virtualinheritance).vcxproj", "{47435852-A857-4AAF-9846-074BAF048B25}"
EndProject
Project("{8BC9CEB8-8B4A-11D0-8D11-00A0C91BC942}") = "class15th(LinearContainer)", "..\class15th(LinearContainer)\class15th(LinearContainer).vcxproj", "{326ACBBD-9701-4140-97BA-FEF1770E6DDB}"
EndProject
Project("{8BC9CEB8-8B4A-11D0-8D11-00A0C91BC942}") = "class16th(containeradapter)", "..\class16th(containeradapter)\class16th(containeradapter).vcxproj", "{1EABF930-ECCD-435F-AD87-E80215C95AF7}"
EndProject
Project("{8BC9CEB8-8B4A-11D0-8D11-00A0C91BC942}") = "class17th(AssociatdContainer", "..\class17th(AssociatdContainer\class17th(AssociatdContainer.vcxproj", "{ACD52EC6-3578-48E4-8FE4-EA41E2023F5F}"
EndProject
Project("{8BC9CEB8-8B4A-11D0-8D11-00A0C91BC942}") = "class18th(iterator)", "..\class18th(iterator)\class18th(iterator).vcxproj", "{1EEC31C3-0BED-4A27-B3F9-94F242A31F52}"
EndProject
Global
	GlobalSection(SolutionConfigurationPlatforms) = preSolution
		Debug|x64 = Debug|x64
		Debug|x86 = Debug|x86
		Release|x64 = Release|x64
		Release|x86 = Release|x86
	EndGlobalSection
	GlobalSection(ProjectConfigurationPlatforms) = postSolution
		{CAB20C73-6D67-4C47-A3D8-F0D2DD79E8A2}.Debug|x64.ActiveCfg = Debug|x64
		{CAB20C73-6D67-4C47-A3D8-F0D2DD79E8A2}.Debug|x64.Build.0 = Debug|x64
		{CAB20C73-6D67-4C47-A3D8-F0D2DD79E8A2}.Debug|x86.ActiveCfg = Debug|Win32
		{CAB20C73-6D67-4C47-A3D8-F0D2DD79E8A2}.Debug|x86.Build.0 = Debug|Win32
		{CAB20C73-6D67-4C47-A3D8-F0D2DD79E8A2}.Release|x64.ActiveCfg = Release|x64
		{CAB20C73-6D67-4C47-A3D8-F0D2DD79E8A2}.Release|x64.Build.0 = Release|x64
		{CAB20C73-6D67-4C47-A3D8-F0D2DD79E8A2}.Release|x86.ActiveCfg = Release|Win32
		{CAB20C73-6D67-4C47-A3D8-F0D2DD79E8A2}.Release|x86.Build.0 = Release|Win32
		{72BB4C7E-0524-4074-97BF-5D3176A69291}.Debug|x64.ActiveCfg = Debug|x64
		{72BB4C7E-0524-4074-97BF-5D3176A69291}.Debug|x64.Build.0 = Debug|x64
		{72BB4C7E-0524-4074-97BF-5D3176A69291}.Debug|x86.ActiveCfg = Debug|Win32
		{72BB4C7E-0524-4074-97BF-5D3176A69291}.Debug|x86.Build.0 = Debug|Win32
		{72BB4C7E-0524-4074-97BF-5D3176A69291}.Release|x64.ActiveCfg = Release|x64
		{72BB4C7E-0524-4074-97BF-5D3176A69291}.Release|x64.Build.0 = Release|x64
		{72BB4C7E-0524-4074-97BF-5D3176A69291}.Release|x86.ActiveCfg = Release|Win32
		{72BB4C7E-0524-4074-97BF-5D3176A69291}.Release|x86.Build.0 = Release|Win32
		{82116F6B-2775-4B44-8982-3199756B154E}.Debug|x64.ActiveCfg = Debug|x64
		{82116F6B-2775-4B44-8982-3199756B154E}.Debug|x64.Build.0 = Debug|x64
		{82116F6B-2775-4B44-8982-3199756B154E}.Debug|x86.ActiveCfg = Debug|Win32
		{82116F6B-2775-4B44-8982-3199756B154E}.Debug|x86.Build.0 = Debug|Win32
		{82116F6B-2775-4B44-8982-3199756B154E}.Release|x64.ActiveCfg = Release|x64
		{82116F6B-2775-4B44-8982-3199756B154E}.Release|x64.Build.0 = Release|x64
		{82116F6B-2775-4B44-8982-3199756B154E}.Release|x86.ActiveCfg = Release|Win32
		{82116F6B-2775-4B44-8982-3199756B154E}.Release|x86.Build.0 = Release|Win32
		{1373FA8F-A445-4B3F-9F05-3567747B4375}.Debug|x64.ActiveCfg = Debug|x64
		{1373FA8F-A445-4B3F-9F05-3567747B4375}.Debug|x64.Build.0 = Debug|x64
		{1373FA8F-A445-4B3F-9F05-3567747B4375}.Debug|x86.ActiveCfg = Debug|Win32
		{1373FA8F-A445-4B3F-9F05-3567747B4375}.Debug|x86.Build.0 = Debug|Win32
		{1373FA8F-A445-4B3F-9F05-3567747B4375}.Release|x64.ActiveCfg = Release|x64
		{1373FA8F-A445-4B3F-9F05-3567747B4375}.Release|x64.Build.0 = Release|x64
		{1373FA8F-A445-4B3F-9F05-3567747B4375}.Release|x86.ActiveCfg = Release|Win32
		{1373FA8F-A445-4B3F-9F05-3567747B4375}.Release|x86.Build.0 = Release|Win32
		{50D63A2A-5AD0-48A5-929D-CCD7D62FC44E}.Debug|x64.ActiveCfg = Debug|x64
		{50D63A2A-5AD0-48A5-929D-CCD7D62FC44E}.Debug|x64.Build.0 = Debug|x64
		{50D63A2A-5AD0-48A5-929D-CCD7D62FC44E}.Debug|x86.ActiveCfg = Debug|Win32
		{50D63A2A-5AD0-48A5-929D-CCD7D62FC44E}.Debug|x86.Build.0 = Debug|Win32
		{50D63A2A-5AD0-48A5-929D-CCD7D62FC44E}.Release|x64.ActiveCfg = Release|x64
		{50D63A2A-5AD0-48A5-929D-CCD7D62FC44E}.Release|x64.Build.0 = Release|x64
		{50D63A2A-5AD0-48A5-929D-CCD7D62FC44E}.Release|x86.ActiveCfg = Release|Win32
		{50D63A2A-5AD0-48A5-929D-CCD7D62FC44E}.Release|x86.Build.0 = Release|Win32
		{EE890C3E-CEC8-40D2-B387-FF2579F8F6DD}.Debug|x64.ActiveCfg = Debug|x64
		{EE890C3E-CEC8-40D2-B387-FF2579F8F6DD}.Debug|x64.Build.0 = Debug|x64
		{EE890C3E-CEC8-40D2-B387-FF2579F8F6DD}.Debug|x86.ActiveCfg = Debug|Win32
		{EE890C3E-CEC8-40D2-B387-FF2579F8F6DD}.Debug|x86.Build.0 = Debug|Win32
		{EE890C3E-CEC8-40D2-B387-FF2579F8F6DD}.Release|x64.ActiveCfg = Release|x64
		{EE890C3E-CEC8-40D2-B387-FF2579F8F6DD}.Release|x64.Build.0 = Release|x64
		{EE890C3E-CEC8-40D2-B387-FF2579F8F6DD}.Release|x86.ActiveCfg = Release|Win32
		{EE890C3E-CEC8-40D2-B387-FF2579F8F6DD}.Release|x86.Build.0 = Release|Win32
		{FF8A0815-8546-4AF4-9912-DB3FEF5D301B}.Debug|x64.ActiveCfg = Debug|x64
		{FF8A0815-8546-4AF4-9912-DB3FEF5D301B}.Debug|x64.Build.0 = Debug|x64
		{FF8A0815-8546-4AF4-9912-DB3FEF5D301B}.Debug|x86.ActiveCfg = Debug|Win32
		{FF8A0815-8546-4AF4-9912-DB3FEF5D301B}.Debug|x86.Build.0 = Debug|Win32
		{FF8A0815-8546-4AF4-9912-DB3FEF5D301B}.Release|x64.ActiveCfg = Release|x64
		{FF8A0815-8546-4AF4-9912-DB3FEF5D301B}.Release|x64.Build.0 = Release|x64
		{FF8A0815-8546-4AF4-9912-DB3FEF5D301B}.Release|x86.ActiveCfg = Release|Win32
		{FF8A0815-8546-4AF4-9912-DB3FEF5D301B}.Release|x86.Build.0 = Release|Win32
		{A5D8AA5E-EB02-4A2D-83D0-6AD0E5B7B8EE}.Debug|x64.ActiveCfg = Debug|x64
		{A5D8AA5E-EB02-4A2D-83D0-6AD0E5B7B8EE}.Debug|x64.Build.0 = Debug|x64
		{A5D8AA5E-EB02-4A2D-83D0-6AD0E5B7B8EE}.Debug|x86.ActiveCfg = Debug|Win32
		{A5D8AA5E-EB02-4A2D-83D0-6AD0E5B7B8EE}.Debug|x86.Build.0 = Debug|Win32
		{A5D8AA5E-EB02-4A2D-83D0-6AD0E5B7B8EE}.Release|x64.ActiveCfg = Release|x64
		{A5D8AA5E-EB02-4A2D-83D0-6AD0E5B7B8EE}.Release|x64.Build.0 = Release|x64
		{A5D8AA5E-EB02-4A2D-83D0-6AD0E5B7B8EE}.Release|x86.ActiveCfg = Release|Win32
		{A5D8AA5E-EB02-4A2D-83D0-6AD0E5B7B8EE}.Release|x86.Build.0 = Release|Win32
		{8F7132DA-54C0-4B64-9EB0-5B6095E14EDB}.Debug|x64.ActiveCfg = Debug|x64
		{8F7132DA-54C0-4B64-9EB0-5B6095E14EDB}.Debug|x64.Build.0 = Debug|x64
		{8F7132DA-54C0-4B64-9EB0-5B6095E14EDB}.Debug|x86.ActiveCfg = Debug|Win32
		{8F7132DA-54C0-4B64-9EB0-5B6095E14EDB}.Debug|x86.Build.0 = Debug|Win32
		{8F7132DA-54C0-4B64-9EB0-5B6095E14EDB}.Release|x64.ActiveCfg = Release|x64
		{8F7132DA-54C0-4B64-9EB0-5B6095E14EDB}.Release|x64.Build.0 = Release|x64
		{8F7132DA-54C0-4B64-9EB0-5B6095E14EDB}.Release|x86.ActiveCfg = Release|Win32
		{8F7132DA-54C0-4B64-9EB0-5B6095E14EDB}.Release|x86.Build.0 = Release|Win32
		{29D3A184-CDC3-4937-9C6E-6362599F3558}.Debug|x64.ActiveCfg = Debug|x64
		{29D3A184-CDC3-4937-9C6E-6362599F3558}.Debug|x64.Build.0 = Debug|x64
		{29D3A184-CDC3-4937-9C6E-6362599F3558}.Debug|x86.ActiveCfg = Debug|Win32
		{29D3A184-CDC3-4937-9C6E-6362599F3558}.Debug|x86.Build.0 = Debug|Win32
		{29D3A184-CDC3-4937-9C6E-6362599F3558}.Release|x64.ActiveCfg = Release|x64
		{29D3A184-CDC3-4937-9C6E-6362599F3558}.Release|x64.Build.0 = Release|x64
		{29D3A184-CDC3-4937-9C6E-6362599F3558}.Release|x86.ActiveCfg = Release|Win32
		{29D3A184-CDC3-4937-9C6E-6362599F3558}.Release|x86.Build.0 = Release|Win32
		{9DDBFF41-5BE1-440D-B929-F703DF44EDAA}.Debug|x64.ActiveCfg = Debug|x64
		{9DDBFF41-5BE1-440D-B929-F703DF44EDAA}.Debug|x64.Build.0 = Debug|x64
		{9DDBFF41-5BE1-440D-B929-F703DF44EDAA}.Debug|x86.ActiveCfg = Debug|Win32
		{9DDBFF41-5BE1-440D-B929-F703DF44EDAA}.Debug|x86.Build.0 = Debug|Win32
		{9DDBFF41-5BE1-440D-B929-F703DF44EDAA}.Release|x64.ActiveCfg = Release|x64
		{9DDBFF41-5BE1-440D-B929-F703DF44EDAA}.Release|x64.Build.0 = Release|x64
		{9DDBFF41-5BE1-440D-B929-F703DF44EDAA}.Release|x86.ActiveCfg = Release|Win32
		{9DDBFF41-5BE1-440D-B929-F703DF44EDAA}.Release|x86.Build.0 = Release|Win32
		{81D89992-796A-46E4-94F7-1DD96181BE55}.Debug|x64.ActiveCfg = Debug|x64
		{81D89992-796A-46E4-94F7-1DD96181BE55}.Debug|x64.Build.0 = Debug|x64
		{81D89992-796A-46E4-94F7-1DD96181BE55}.Debug|x86.ActiveCfg = Debug|Win32
		{81D89992-796A-46E4-94F7-1DD96181BE55}.Debug|x86.Build.0 = Debug|Win32
		{81D89992-796A-46E4-94F7-1DD96181BE55}.Release|x64.ActiveCfg = Release|x64
		{81D89992-796A-46E4-94F7-1DD96181BE55}.Release|x64.Build.0 = Release|x64
		{81D89992-796A-46E4-94F7-1DD96181BE55}.Release|x86.ActiveCfg = Release|Win32
		{81D89992-796A-46E4-94F7-1DD96181BE55}.Release|x86.Build.0 = Release|Win32
		{A26E71FD-3AB6-49FC-9F42-5E5639054449}.Debug|x64.ActiveCfg = Debug|x64
		{A26E71FD-3AB6-49FC-9F42-5E5639054449}.Debug|x64.Build.0 = Debug|x64
		{A26E71FD-3AB6-49FC-9F42-5E5639054449}.Debug|x86.ActiveCfg = Debug|Win32
		{A26E71FD-3AB6-49FC-9F42-5E5639054449}.Debug|x86.Build.0 = Debug|Win32
		{A26E71FD-3AB6-49FC-9F42-5E5639054449}.Release|x64.ActiveCfg = Release|x64
		{A26E71FD-3AB6-49FC-9F42-5E5639054449}.Release|x64.Build.0 = Release|x64
		{A26E71FD-3AB6-49FC-9F42-5E5639054449}.Release|x86.ActiveCfg = Release|Win32
		{A26E71FD-3AB6-49FC-9F42-5E5639054449}.Release|x86.Build.0 = Release|Win32
		{BFB2C1F9-4805-4752-AC08-DB9FDDBEAB7F}.Debug|x64.ActiveCfg = Debug|x64
		{BFB2C1F9-4805-4752-AC08-DB9FDDBEAB7F}.Debug|x64.Build.0 = Debug|x64
		{BFB2C1F9-4805-4752-AC08-DB9FDDBEAB7F}.Debug|x86.ActiveCfg = Debug|Win32
		{BFB2C1F9-4805-4752-AC08-DB9FDDBEAB7F}.Debug|x86.Build.0 = Debug|Win32
		{BFB2C1F9-4805-4752-AC08-DB9FDDBEAB7F}.Release|x64.ActiveCfg = Release|x64
		{BFB2C1F9-4805-4752-AC08-DB9FDDBEAB7F}.Release|x64.Build.0 = Release|x64
		{BFB2C1F9-4805-4752-AC08-DB9FDDBEAB7F}.Release|x86.ActiveCfg = Release|Win32
		{BFB2C1F9-4805-4752-AC08-DB9FDDBEAB7F}.Release|x86.Build.0 = Release|Win32
		{47435852-A857-4AAF-9846-074BAF048B25}.Debug|x64.ActiveCfg = Debug|x64
		{47435852-A857-4AAF-9846-074BAF048B25}.Debug|x64.Build.0 = Debug|x64
		{47435852-A857-4AAF-9846-074BAF048B25}.Debug|x86.ActiveCfg = Debug|Win32
		{47435852-A857-4AAF-9846-074BAF048B25}.Debug|x86.Build.0 = Debug|Win32
		{47435852-A857-4AAF-9846-074BAF048B25}.Release|x64.ActiveCfg = Release|x64
		{47435852-A857-4AAF-9846-074BAF048B25}.Release|x64.Build.0 = Release|x64
		{47435852-A857-4AAF-9846-074BAF048B25}.Release|x86.ActiveCfg = Release|Win32
		{47435852-A857-4AAF-9846-074BAF048B25}.Release|x86.Build.0 = Release|Win32
		{326ACBBD-9701-4140-97BA-FEF1770E6DDB}.Debug|x64.ActiveCfg = Debug|x64
		{326ACBBD-9701-4140-97BA-FEF1770E6DDB}.Debug|x64.Build.0 = Debug|x64
		{326ACBBD-9701-4140-97BA-FEF1770E6DDB}.Debug|x86.ActiveCfg = Debug|Win32
		{326ACBBD-9701-4140-97BA-FEF1770E6DDB}.Debug|x86.Build.0 = Debug|Win32
		{326ACBBD-9701-4140-97BA-FEF1770E6DDB}.Release|x64.ActiveCfg = Release|x64
		{326ACBBD-9701-4140-97BA-FEF1770E6DDB}.Release|x64.Build.0 = Release|x64
		{326ACBBD-9701-4140-97BA-FEF1770E6DDB}.Release|x86.ActiveCfg = Release|Win32
		{326ACBBD-9701-4140-97BA-FEF1770E6DDB}.Release|x86.Build.0 = Release|Win32
		{1EABF930-ECCD-435F-AD87-E80215C95AF7}.Debug|x64.ActiveCfg = Debug|x64
		{1EABF930-ECCD-435F-AD87-E80215C95AF7}.Debug|x64.Build.0 = Debug|x64
		{1EABF930-ECCD-435F-AD87-E80215C95AF7}.Debug|x86.ActiveCfg = Debug|Win32
		{1EABF930-ECCD-435F-AD87-E80215C95AF7}.Debug|x86.Build.0 = Debug|Win32
		{1EABF930-ECCD-435F-AD87-E80215C95AF7}.Release|x64.ActiveCfg = Release|x64
		{1EABF930-ECCD-435F-AD87-E80215C95AF7}.Release|x64.Build.0 = Release|x64
		{1EABF930-ECCD-435F-AD87-E80215C95AF7}.Release|x86.ActiveCfg = Release|Win32
		{1EABF930-ECCD-435F-AD87-E80215C95AF7}.Release|x86.Build.0 = Release|Win32
		{ACD52EC6-3578-48E4-8FE4-EA41E2023F5F}.Debug|x64.ActiveCfg = Debug|x64
		{ACD52EC6-3578-48E4-8FE4-EA41E2023F5F}.Debug|x64.Build.0 = Debug|x64
		{ACD52EC6-3578-48E4-8FE4-EA41E2023F5F}.Debug|x86.ActiveCfg = Debug|Win32
		{ACD52EC6-3578-48E4-8FE4-EA41E2023F5F}.Debug|x86.Build.0 = Debug|Win32
		{ACD52EC6-3578-48E4-8FE4-EA41E2023F5F}.Release|x64.ActiveCfg = Release|x64
		{ACD52EC6-3578-48E4-8FE4-EA41E2023F5F}.Release|x64.Build.0 = Release|x64
		{ACD52EC6-3578-48E4-8FE4-EA41E2023F5F}.Release|x86.ActiveCfg = Release|Win32
		{ACD52EC6-3578-48E4-8FE4-EA41E2023F5F}.Release|x86.Build.0 = Release|Win32
		{1EEC31C3-0BED-4A27-B3F9-94F242A31F52}.Debug|x64.ActiveCfg = Debug|x64
		{1EEC31C3-0BED-4A27-B3F9-94F242A31F52}.Debug|x64.Build.0 = Debug|x64
		{1EEC31C3-0BED-4A27-B3F9-94F242A31F52}.Debug|x86.ActiveCfg = Debug|Win32
		{1EEC31C3-0BED-4A27-B3F9-94F242A31F52}.Debug|x86.Build.0 = Debug|Win32
		{1EEC31C3-0BED-4A27-B3F9-94F242A31F52}.Release|x64.ActiveCfg = Release|x64
		{1EEC31C3-0BED-4A27-B3F9-94F242A31F52}.Release|x64.Build.0 = Release|x64
		{1EEC31C3-0BED-4A27-B3F9-94F242A31F52}.Release|x86.ActiveCfg = Release|Win32
		{1EEC31C3-0BED-4A27-B3F9-94F242A31F52}.Release|x86.Build.0 = Release|Win32
	EndGlobalSection
	GlobalSection(SolutionProperties) = preSolution
		HideSolutionNode = FALSE
	EndGlobalSection
	GlobalSection(ExtensibilityGlobals) = postSolution
		SolutionGuid = {EE1DD54E-CF91-4FE6-9BFC-EA04678EFFDD}
	EndGlobalSection
EndGlobal
