
Microsoft Visual Studio Solution File, Format Version 12.00
# Visual Studio Version 17
VisualStudioVersion = 17.8.34511.84
MinimumVisualStudioVersion = 10.0.40219.1
Project("{8BC9CEB8-8B4A-11D0-8D11-00A0C91BC942}") = "Program", "Program.vcxproj", "{CAB20C73-6D67-4C47-A3D8-F0D2DD79E8A2}"
EndProject
Project("{8BC9CEB8-8B4A-11D0-8D11-00A0C91BC942}") = "class1th(stream)", "..\class1th\class1th.vcxproj", "{72BB4C7E-0524-4074-97BF-5D3176A69291}"
EndProject
Project("{8BC9CEB8-8B4A-11D0-8D11-00A0C91BC942}") = "class2th(namespace)", "..\class2th(namespace)\class2th(namespace).vcxproj", "{82116F6B-2775-4B44-8982-3199756B154E}"
EndProject
Project("{8BC9CEB8-8B4A-11D0-8D11-00A0C91BC942}") = "class3th(class)", "..\class3th\class3th.vcxproj", "{1373FA8F-A445-4B3F-9F05-3567747B4375}"
EndProject
Global
	GlobalSection(SolutionConfigurationPlatforms) = preSolution
		Debug|x64 = Debug|x64
		Debug|x86 = Debug|x86
		Release|x64 = Release|x64
		Release|x86 = Release|x86
	EndGlobalSection
	GlobalSection(ProjectConfigurationPlatforms) = postSolution
		{CAB20C73-6D67-4C47-A3D8-F0D2DD79E8A2}.Debug|x64.ActiveCfg = Debug|x64
		{CAB20C73-6D67-4C47-A3D8-F0D2DD79E8A2}.Debug|x64.Build.0 = Debug|x64
		{CAB20C73-6D67-4C47-A3D8-F0D2DD79E8A2}.Debug|x86.ActiveCfg = Debug|Win32
		{CAB20C73-6D67-4C47-A3D8-F0D2DD79E8A2}.Debug|x86.Build.0 = Debug|Win32
		{CAB20C73-6D67-4C47-A3D8-F0D2DD79E8A2}.Release|x64.ActiveCfg = Release|x64
		{CAB20C73-6D67-4C47-A3D8-F0D2DD79E8A2}.Release|x64.Build.0 = Release|x64
		{CAB20C73-6D67-4C47-A3D8-F0D2DD79E8A2}.Release|x86.ActiveCfg = Release|Win32
		{CAB20C73-6D67-4C47-A3D8-F0D2DD79E8A2}.Release|x86.Build.0 = Release|Win32
		{72BB4C7E-0524-4074-97BF-5D3176A69291}.Debug|x64.ActiveCfg = Debug|x64
		{72BB4C7E-0524-4074-97BF-5D3176A69291}.Debug|x64.Build.0 = Debug|x64
		{72BB4C7E-0524-4074-97BF-5D3176A69291}.Debug|x86.ActiveCfg = Debug|Win32
		{72BB4C7E-0524-4074-97BF-5D3176A69291}.Debug|x86.Build.0 = Debug|Win32
		{72BB4C7E-0524-4074-97BF-5D3176A69291}.Release|x64.ActiveCfg = Release|x64
		{72BB4C7E-0524-4074-97BF-5D3176A69291}.Release|x64.Build.0 = Release|x64
		{72BB4C7E-0524-4074-97BF-5D3176A69291}.Release|x86.ActiveCfg = Release|Win32
		{72BB4C7E-0524-4074-97BF-5D3176A69291}.Release|x86.Build.0 = Release|Win32
		{82116F6B-2775-4B44-8982-3199756B154E}.Debug|x64.ActiveCfg = Debug|x64
		{82116F6B-2775-4B44-8982-3199756B154E}.Debug|x64.Build.0 = Debug|x64
		{82116F6B-2775-4B44-8982-3199756B154E}.Debug|x86.ActiveCfg = Debug|Win32
		{82116F6B-2775-4B44-8982-3199756B154E}.Debug|x86.Build.0 = Debug|Win32
		{82116F6B-2775-4B44-8982-3199756B154E}.Release|x64.ActiveCfg = Release|x64
		{82116F6B-2775-4B44-8982-3199756B154E}.Release|x64.Build.0 = Release|x64
		{82116F6B-2775-4B44-8982-3199756B154E}.Release|x86.ActiveCfg = Release|Win32
		{82116F6B-2775-4B44-8982-3199756B154E}.Release|x86.Build.0 = Release|Win32
		{1373FA8F-A445-4B3F-9F05-3567747B4375}.Debug|x64.ActiveCfg = Debug|x64
		{1373FA8F-A445-4B3F-9F05-3567747B4375}.Debug|x64.Build.0 = Debug|x64
		{1373FA8F-A445-4B3F-9F05-3567747B4375}.Debug|x86.ActiveCfg = Debug|Win32
		{1373FA8F-A445-4B3F-9F05-3567747B4375}.Debug|x86.Build.0 = Debug|Win32
		{1373FA8F-A445-4B3F-9F05-3567747B4375}.Release|x64.ActiveCfg = Release|x64
		{1373FA8F-A445-4B3F-9F05-3567747B4375}.Release|x64.Build.0 = Release|x64
		{1373FA8F-A445-4B3F-9F05-3567747B4375}.Release|x86.ActiveCfg = Release|Win32
		{1373FA8F-A445-4B3F-9F05-3567747B4375}.Release|x86.Build.0 = Release|Win32
	EndGlobalSection
	GlobalSection(SolutionProperties) = preSolution
		HideSolutionNode = FALSE
	EndGlobalSection
	GlobalSection(ExtensibilityGlobals) = postSolution
		SolutionGuid = {EE1DD54E-CF91-4FE6-9BFC-EA04678EFFDD}
	EndGlobalSection
EndGlobal
